
Microsoft Visual Studio Solution File, Format Version 12.00
# Visual Studio Version 17
VisualStudioVersion = 17.13.35919.96 d17.13
MinimumVisualStudioVersion = 10.0.40219.1
Project("{FAE04EC0-301F-11D3-BF4B-00C04F79EFBC}") = "ScriptingEngine", "ScriptingEngine.csproj", "{43B5384C-410E-47DE-9B44-9838BADC1129}"
EndProject
Global
	GlobalSection(SolutionConfigurationPlatforms) = preSolution
		Debug|Any CPU = Debug|Any CPU
		Release|Any CPU = Release|Any CPU
	EndGlobalSection
	GlobalSection(ProjectConfigurationPlatforms) = postSolution
		{43B5384C-410E-47DE-9B44-9838BADC1129}.Debug|Any CPU.ActiveCfg = Debug|Any CPU
		{43B5384C-410E-47DE-9B44-9838BADC1129}.Debug|Any CPU.Build.0 = Debug|Any CPU
		{43B5384C-410E-47DE-9B44-9838BADC1129}.Release|Any CPU.ActiveCfg = Release|Any CPU
		{43B5384C-410E-47DE-9B44-9838BADC1129}.Release|Any CPU.Build.0 = Release|Any CPU
	EndGlobalSection
	GlobalSection(SolutionProperties) = preSolution
		HideSolutionNode = FALSE
	EndGlobalSection
	GlobalSection(ExtensibilityGlobals) = postSolution
		SolutionGuid = {C5305455-CA7F-4231-97E5-BC43C6A005FF}
	EndGlobalSection
EndGlobal
